
Microsoft Visual Studio Solution File, Format Version 12.00
# Visual Studio Version 17
VisualStudioVersion = 17.14.36301.6
MinimumVisualStudioVersion = 10.0.40219.1
Project("{8BC9CEB8-8B4A-11D0-8D11-00A0C91BC942}") = "Base", "Base\Base.vcxproj", "{7E231B85-7A3C-4131-837D-E0C352374BAC}"
EndProject
Project("{8BC9CEB8-8B4A-11D0-8D11-00A0C91BC942}") = "Inline", "Inline\Inline.vcxproj", "{D8A3C107-4E6E-4D04-82CD-59FA72CFBB83}"
EndProject
Project("{8BC9CEB8-8B4A-11D0-8D11-00A0C91BC942}") = "Pointer", "Pointer\Pointer.vcxproj", "{54938410-E319-453D-9DC0-BF2195679B5D}"
EndProject
Project("{8BC9CEB8-8B4A-11D0-8D11-00A0C91BC942}") = "Reference", "Reference\Reference.vcxproj", "{8437096B-4D86-4A03-8638-4CE7DFD9889B}"
EndProject
Project("{8BC9CEB8-8B4A-11D0-8D11-00A0C91BC942}") = "Array", "Array\Array.vcxproj", "{663ABDD2-CE74-4CC3-8373-879AFF60A2D4}"
EndProject
Project("{8BC9CEB8-8B4A-11D0-8D11-00A0C91BC942}") = "String", "String\String.vcxproj", "{5590D6D4-E898-4019-9A54-AFBAE28CC5E1}"
EndProject
Project("{8BC9CEB8-8B4A-11D0-8D11-00A0C91BC942}") = "ClassBasic", "ClassBasic\ClassBasic.vcxproj", "{69B97FCB-6C58-4A6F-B98A-60BB140AA296}"
EndProject
Project("{8BC9CEB8-8B4A-11D0-8D11-00A0C91BC942}") = "ClassAndArray", "ClassAndArray\ClassAndArray.vcxproj", "{8743FE27-0FB6-4EF4-8A24-DB1B82CC7980}"
EndProject
Global
	GlobalSection(SolutionConfigurationPlatforms) = preSolution
		Debug|x64 = Debug|x64
		Debug|x86 = Debug|x86
		Release|x64 = Release|x64
		Release|x86 = Release|x86
	EndGlobalSection
	GlobalSection(ProjectConfigurationPlatforms) = postSolution
		{7E231B85-7A3C-4131-837D-E0C352374BAC}.Debug|x64.ActiveCfg = Debug|x64
		{7E231B85-7A3C-4131-837D-E0C352374BAC}.Debug|x64.Build.0 = Debug|x64
		{7E231B85-7A3C-4131-837D-E0C352374BAC}.Debug|x86.ActiveCfg = Debug|Win32
		{7E231B85-7A3C-4131-837D-E0C352374BAC}.Debug|x86.Build.0 = Debug|Win32
		{7E231B85-7A3C-4131-837D-E0C352374BAC}.Release|x64.ActiveCfg = Release|x64
		{7E231B85-7A3C-4131-837D-E0C352374BAC}.Release|x64.Build.0 = Release|x64
		{7E231B85-7A3C-4131-837D-E0C352374BAC}.Release|x86.ActiveCfg = Release|Win32
		{7E231B85-7A3C-4131-837D-E0C352374BAC}.Release|x86.Build.0 = Release|Win32
		{D8A3C107-4E6E-4D04-82CD-59FA72CFBB83}.Debug|x64.ActiveCfg = Debug|x64
		{D8A3C107-4E6E-4D04-82CD-59FA72CFBB83}.Debug|x64.Build.0 = Debug|x64
		{D8A3C107-4E6E-4D04-82CD-59FA72CFBB83}.Debug|x86.ActiveCfg = Debug|Win32
		{D8A3C107-4E6E-4D04-82CD-59FA72CFBB83}.Debug|x86.Build.0 = Debug|Win32
		{D8A3C107-4E6E-4D04-82CD-59FA72CFBB83}.Release|x64.ActiveCfg = Release|x64
		{D8A3C107-4E6E-4D04-82CD-59FA72CFBB83}.Release|x64.Build.0 = Release|x64
		{D8A3C107-4E6E-4D04-82CD-59FA72CFBB83}.Release|x86.ActiveCfg = Release|Win32
		{D8A3C107-4E6E-4D04-82CD-59FA72CFBB83}.Release|x86.Build.0 = Release|Win32
		{54938410-E319-453D-9DC0-BF2195679B5D}.Debug|x64.ActiveCfg = Debug|x64
		{54938410-E319-453D-9DC0-BF2195679B5D}.Debug|x64.Build.0 = Debug|x64
		{54938410-E319-453D-9DC0-BF2195679B5D}.Debug|x86.ActiveCfg = Debug|Win32
		{54938410-E319-453D-9DC0-BF2195679B5D}.Debug|x86.Build.0 = Debug|Win32
		{54938410-E319-453D-9DC0-BF2195679B5D}.Release|x64.ActiveCfg = Release|x64
		{54938410-E319-453D-9DC0-BF2195679B5D}.Release|x64.Build.0 = Release|x64
		{54938410-E319-453D-9DC0-BF2195679B5D}.Release|x86.ActiveCfg = Release|Win32
		{54938410-E319-453D-9DC0-BF2195679B5D}.Release|x86.Build.0 = Release|Win32
		{8437096B-4D86-4A03-8638-4CE7DFD9889B}.Debug|x64.ActiveCfg = Debug|x64
		{8437096B-4D86-4A03-8638-4CE7DFD9889B}.Debug|x64.Build.0 = Debug|x64
		{8437096B-4D86-4A03-8638-4CE7DFD9889B}.Debug|x86.ActiveCfg = Debug|Win32
		{8437096B-4D86-4A03-8638-4CE7DFD9889B}.Debug|x86.Build.0 = Debug|Win32
		{8437096B-4D86-4A03-8638-4CE7DFD9889B}.Release|x64.ActiveCfg = Release|x64
		{8437096B-4D86-4A03-8638-4CE7DFD9889B}.Release|x64.Build.0 = Release|x64
		{8437096B-4D86-4A03-8638-4CE7DFD9889B}.Release|x86.ActiveCfg = Release|Win32
		{8437096B-4D86-4A03-8638-4CE7DFD9889B}.Release|x86.Build.0 = Release|Win32
		{663ABDD2-CE74-4CC3-8373-879AFF60A2D4}.Debug|x64.ActiveCfg = Debug|x64
		{663ABDD2-CE74-4CC3-8373-879AFF60A2D4}.Debug|x64.Build.0 = Debug|x64
		{663ABDD2-CE74-4CC3-8373-879AFF60A2D4}.Debug|x86.ActiveCfg = Debug|Win32
		{663ABDD2-CE74-4CC3-8373-879AFF60A2D4}.Debug|x86.Build.0 = Debug|Win32
		{663ABDD2-CE74-4CC3-8373-879AFF60A2D4}.Release|x64.ActiveCfg = Release|x64
		{663ABDD2-CE74-4CC3-8373-879AFF60A2D4}.Release|x64.Build.0 = Release|x64
		{663ABDD2-CE74-4CC3-8373-879AFF60A2D4}.Release|x86.ActiveCfg = Release|Win32
		{663ABDD2-CE74-4CC3-8373-879AFF60A2D4}.Release|x86.Build.0 = Release|Win32
		{5590D6D4-E898-4019-9A54-AFBAE28CC5E1}.Debug|x64.ActiveCfg = Debug|x64
		{5590D6D4-E898-4019-9A54-AFBAE28CC5E1}.Debug|x64.Build.0 = Debug|x64
		{5590D6D4-E898-4019-9A54-AFBAE28CC5E1}.Debug|x86.ActiveCfg = Debug|Win32
		{5590D6D4-E898-4019-9A54-AFBAE28CC5E1}.Debug|x86.Build.0 = Debug|Win32
		{5590D6D4-E898-4019-9A54-AFBAE28CC5E1}.Release|x64.ActiveCfg = Release|x64
		{5590D6D4-E898-4019-9A54-AFBAE28CC5E1}.Release|x64.Build.0 = Release|x64
		{5590D6D4-E898-4019-9A54-AFBAE28CC5E1}.Release|x86.ActiveCfg = Release|Win32
		{5590D6D4-E898-4019-9A54-AFBAE28CC5E1}.Release|x86.Build.0 = Release|Win32
		{69B97FCB-6C58-4A6F-B98A-60BB140AA296}.Debug|x64.ActiveCfg = Debug|x64
		{69B97FCB-6C58-4A6F-B98A-60BB140AA296}.Debug|x64.Build.0 = Debug|x64
		{69B97FCB-6C58-4A6F-B98A-60BB140AA296}.Debug|x86.ActiveCfg = Debug|Win32
		{69B97FCB-6C58-4A6F-B98A-60BB140AA296}.Debug|x86.Build.0 = Debug|Win32
		{69B97FCB-6C58-4A6F-B98A-60BB140AA296}.Release|x64.ActiveCfg = Release|x64
		{69B97FCB-6C58-4A6F-B98A-60BB140AA296}.Release|x64.Build.0 = Release|x64
		{69B97FCB-6C58-4A6F-B98A-60BB140AA296}.Release|x86.ActiveCfg = Release|Win32
		{69B97FCB-6C58-4A6F-B98A-60BB140AA296}.Release|x86.Build.0 = Release|Win32
		{8743FE27-0FB6-4EF4-8A24-DB1B82CC7980}.Debug|x64.ActiveCfg = Debug|x64
		{8743FE27-0FB6-4EF4-8A24-DB1B82CC7980}.Debug|x64.Build.0 = Debug|x64
		{8743FE27-0FB6-4EF4-8A24-DB1B82CC7980}.Debug|x86.ActiveCfg = Debug|Win32
		{8743FE27-0FB6-4EF4-8A24-DB1B82CC7980}.Debug|x86.Build.0 = Debug|Win32
		{8743FE27-0FB6-4EF4-8A24-DB1B82CC7980}.Release|x64.ActiveCfg = Release|x64
		{8743FE27-0FB6-4EF4-8A24-DB1B82CC7980}.Release|x64.Build.0 = Release|x64
		{8743FE27-0FB6-4EF4-8A24-DB1B82CC7980}.Release|x86.ActiveCfg = Release|Win32
		{8743FE27-0FB6-4EF4-8A24-DB1B82CC7980}.Release|x86.Build.0 = Release|Win32
	EndGlobalSection
	GlobalSection(SolutionProperties) = preSolution
		HideSolutionNode = FALSE
	EndGlobalSection
	GlobalSection(ExtensibilityGlobals) = postSolution
		SolutionGuid = {EE5881B4-47B9-4221-B651-28A3A1F95D54}
	EndGlobalSection
EndGlobal
